
Microsoft Visual Studio Solution File, Format Version 12.00
# Visual Studio Version 17
VisualStudioVersion = 17.13.35919.96 d17.13
MinimumVisualStudioVersion = 10.0.40219.1
Project("{FAE04EC0-301F-11D3-BF4B-00C04F79EFBC}") = "FTSControl", "FTSControl.csproj", "{4CD52CAF-0E92-405B-8815-A0F29EF85AE1}"
EndProject
Global
	GlobalSection(SolutionConfigurationPlatforms) = preSolution
		Debug|Any CPU = Debug|Any CPU
		Release|Any CPU = Release|Any CPU
	EndGlobalSection
	GlobalSection(ProjectConfigurationPlatforms) = postSolution
		{4CD52CAF-0E92-405B-8815-A0F29EF85AE1}.Debug|Any CPU.ActiveCfg = Debug|Any CPU
		{4CD52CAF-0E92-405B-8815-A0F29EF85AE1}.Debug|Any CPU.Build.0 = Debug|Any CPU
		{4CD52CAF-0E92-405B-8815-A0F29EF85AE1}.Release|Any CPU.ActiveCfg = Release|Any CPU
		{4CD52CAF-0E92-405B-8815-A0F29EF85AE1}.Release|Any CPU.Build.0 = Release|Any CPU
	EndGlobalSection
	GlobalSection(SolutionProperties) = preSolution
		HideSolutionNode = FALSE
	EndGlobalSection
	GlobalSection(ExtensibilityGlobals) = postSolution
		SolutionGuid = {B502305C-44DE-4D84-9BCD-24A8AB2233F3}
	EndGlobalSection
EndGlobal
